{
  "object": {
    "pins": [
      {
        "package": "AES256CBC",
        "repositoryURL": "https://github.com/ArfNtz/AES256CBC.git",
        "state": {
          "branch": "master",
          "revision": "74ebbb514880d4c13a43cced534030b262fc09e7",
          "version": null
        }
      },
      {
        "package": "listen",
        "repositoryURL": "https://github.com/ArfNtz/listen.git",
        "state": {
          "branch": "master",
          "revision": "ee70a4c8251d1b9855ed82dc4c55f7e8c69d9725",
          "version": null
        }
      },
      {
        "package": "post",
        "repositoryURL": "https://github.com/ArfNtz/post.git",
        "state": {
          "branch": "master",
          "revision": "aa2b4ec1cba44a1db98a6bf1860d4f9d641f2da0",
          "version": null
        }
      },
      {
        "package": "store",
        "repositoryURL": "https://github.com/ArfNtz/store.git",
        "state": {
          "branch": "master",
          "revision": "224243264be37d4ff0f7e6c09d4eec32a53829ec",
          "version": null
        }
      },
      {
        "package": "swift-nio",
        "repositoryURL": "https://github.com/apple/swift-nio.git",
        "state": {
          "branch": "master",
          "revision": "bfde40cac8eca25ce021552513b20ee23fc6e306",
          "version": null
        }
      },
      {
        "package": "swift-nio-ssl",
        "repositoryURL": "https://github.com/apple/swift-nio-ssl.git",
        "state": {
          "branch": "master",
          "revision": "e61c21788325e952ca2d0d71f2cada86ac25491a",
          "version": null
        }
      }
    ]
  },
  "version": 1
}
